
Microsoft Visual Studio Solution File, Format Version 12.00
# Visual Studio 2017
Project("{FAE04EC0-301F-11D3-BF4B-00C04F79EFBC}") = "FLyAero", "FLyAero.csproj", "{D4173A7E-6A4B-5A4A-4218-19D664196052}"
EndProject
Project("{FAE04EC0-301F-11D3-BF4B-00C04F79EFBC}") = "FLyAero", "FLyAero.csproj", "{D4173A7E-6A4B-5A4A-4218-19D664196052}"
EndProject
Project("{FAE04EC0-301F-11D3-BF4B-00C04F79EFBC}") = "FLyAero.Editor", "FLyAero.Editor.csproj", "{5C7AF8A8-C4FB-B87A-B280-E778E53A6B30}"
EndProject
Project("{FAE04EC0-301F-11D3-BF4B-00C04F79EFBC}") = "FLyAero.Editor", "FLyAero.Editor.csproj", "{5C7AF8A8-C4FB-B87A-B280-E778E53A6B30}"
EndProject
Project("{FAE04EC0-301F-11D3-BF4B-00C04F79EFBC}") = "FLyAero.Editor", "FLyAero.Editor.csproj", "{5C7AF8A8-C4FB-B87A-B280-E778E53A6B30}"
EndProject
Project("{FAE04EC0-301F-11D3-BF4B-00C04F79EFBC}") = "FLyAero.Editor", "FLyAero.Editor.csproj", "{5C7AF8A8-C4FB-B87A-B280-E778E53A6B30}"
EndProject
Global
	GlobalSection(SolutionConfigurationPlatforms) = preSolution
		Debug|Any CPU = Debug|Any CPU
		Release|Any CPU = Release|Any CPU
	EndGlobalSection
	GlobalSection(ProjectConfigurationPlatforms) = postSolution
		{D4173A7E-6A4B-5A4A-4218-19D664196052}.Debug|Any CPU.ActiveCfg = Debug|Any CPU
		{D4173A7E-6A4B-5A4A-4218-19D664196052}.Debug|Any CPU.Build.0 = Debug|Any CPU
		{D4173A7E-6A4B-5A4A-4218-19D664196052}.Release|Any CPU.ActiveCfg = Release|Any CPU
		{D4173A7E-6A4B-5A4A-4218-19D664196052}.Release|Any CPU.Build.0 = Release|Any CPU
		{D4173A7E-6A4B-5A4A-4218-19D664196052}.Debug|Any CPU.ActiveCfg = Debug|Any CPU
		{D4173A7E-6A4B-5A4A-4218-19D664196052}.Debug|Any CPU.Build.0 = Debug|Any CPU
		{D4173A7E-6A4B-5A4A-4218-19D664196052}.Release|Any CPU.ActiveCfg = Release|Any CPU
		{D4173A7E-6A4B-5A4A-4218-19D664196052}.Release|Any CPU.Build.0 = Release|Any CPU
		{5C7AF8A8-C4FB-B87A-B280-E778E53A6B30}.Debug|Any CPU.ActiveCfg = Debug|Any CPU
		{5C7AF8A8-C4FB-B87A-B280-E778E53A6B30}.Debug|Any CPU.Build.0 = Debug|Any CPU
		{5C7AF8A8-C4FB-B87A-B280-E778E53A6B30}.Release|Any CPU.ActiveCfg = Release|Any CPU
		{5C7AF8A8-C4FB-B87A-B280-E778E53A6B30}.Release|Any CPU.Build.0 = Release|Any CPU
		{5C7AF8A8-C4FB-B87A-B280-E778E53A6B30}.Debug|Any CPU.ActiveCfg = Debug|Any CPU
		{5C7AF8A8-C4FB-B87A-B280-E778E53A6B30}.Debug|Any CPU.Build.0 = Debug|Any CPU
		{5C7AF8A8-C4FB-B87A-B280-E778E53A6B30}.Release|Any CPU.ActiveCfg = Release|Any CPU
		{5C7AF8A8-C4FB-B87A-B280-E778E53A6B30}.Release|Any CPU.Build.0 = Release|Any CPU
		{5C7AF8A8-C4FB-B87A-B280-E778E53A6B30}.Debug|Any CPU.ActiveCfg = Debug|Any CPU
		{5C7AF8A8-C4FB-B87A-B280-E778E53A6B30}.Debug|Any CPU.Build.0 = Debug|Any CPU
		{5C7AF8A8-C4FB-B87A-B280-E778E53A6B30}.Release|Any CPU.ActiveCfg = Release|Any CPU
		{5C7AF8A8-C4FB-B87A-B280-E778E53A6B30}.Release|Any CPU.Build.0 = Release|Any CPU
		{5C7AF8A8-C4FB-B87A-B280-E778E53A6B30}.Debug|Any CPU.ActiveCfg = Debug|Any CPU
		{5C7AF8A8-C4FB-B87A-B280-E778E53A6B30}.Debug|Any CPU.Build.0 = Debug|Any CPU
		{5C7AF8A8-C4FB-B87A-B280-E778E53A6B30}.Release|Any CPU.ActiveCfg = Release|Any CPU
		{5C7AF8A8-C4FB-B87A-B280-E778E53A6B30}.Release|Any CPU.Build.0 = Release|Any CPU
	EndGlobalSection
	GlobalSection(SolutionProperties) = preSolution
		HideSolutionNode = FALSE
	EndGlobalSection
EndGlobal
